PODS:
  - Masonry (1.1.0)
  - YJCycleCollectionView (0.0.1)
  - YJMarqueeTextView (0.0.1):
    - Masonry (= 1.1.0)
    - YJCycleCollectionView (= 0.0.1)

DEPENDENCIES:
  - YJMarqueeTextView (from `../`)

SPEC REPOS:
  trunk:
    - Masonry
    - YJCycleCollectionView

EXTERNAL SOURCES:
  YJMarqueeTextView:
    :path: "../"

SPEC CHECKSUMS:
  Masonry: 678fab65091a9290e40e2832a55e7ab731aad201
  YJCycleCollectionView: 16531893a50e4d12824ee47e1e762bd6afb6e4e4
  YJMarqueeTextView: 0de312a7013fa4cadb1885b59245be649cb0a8ab

PODFILE CHECKSUM: ccc8cdfbc2bdb5e0becef222f5b666aef9bd5e1e

COCOAPODS: 1.10.1
